
Microsoft Visual Studio Solution File, Format Version 12.00
# Visual Studio Version 17
VisualStudioVersion = 17.0.31903.59
MinimumVisualStudioVersion = 10.0.40219.1
Project("{2150E333-8FDC-42A3-9474-1A3956D46DE8}") = "Backend", "Backend", "{1AE8ACA6-933B-BF2A-3671-3E2EAC007D16}"
EndProject
Project("{FAE04EC0-301F-11D3-BF4B-00C04F79EFBC}") = "MyNUnit.Web", "Backend\MyNUnit.Web.csproj", "{12089206-F093-4C11-AE6D-747C290B453E}"
EndProject
Project("{2150E333-8FDC-42A3-9474-1A3956D46DE8}") = "Core", "Core", "{FBF56CC3-7AE6-AD2D-3F14-7F97FD322CD6}"
EndProject
Project("{FAE04EC0-301F-11D3-BF4B-00C04F79EFBC}") = "MyNUnit", "Core\MyNUnit\MyNUnit.csproj", "{90E0B39E-64DB-4332-A480-6B2202A25DDB}"
EndProject
Project("{FAE04EC0-301F-11D3-BF4B-00C04F79EFBC}") = "MyNUnit.Attributes", "Core\MyNUnit.Attributes\MyNUnit.Attributes.csproj", "{677BB45E-7222-4A3D-96E2-7A7694FD5CE6}"
EndProject
Project("{2150E333-8FDC-42A3-9474-1A3956D46DE8}") = "Tests", "Tests", "{0AB3BF05-4346-4AA6-1389-037BE0695223}"
EndProject
Project("{FAE04EC0-301F-11D3-BF4B-00C04F79EFBC}") = "MyNUnit.Tests", "Tests\MyNUnit.Tests\MyNUnit.Tests.csproj", "{D438BA59-BC9E-48BD-AF96-A5A820C4C3F2}"
EndProject
Project("{FAE04EC0-301F-11D3-BF4B-00C04F79EFBC}") = "DemoTests", "DemoTests\DemoTests.csproj", "{C2437CC7-39DE-4847-9C0B-CF1226ED6D1E}"
EndProject
Global
	GlobalSection(SolutionConfigurationPlatforms) = preSolution
		Debug|Any CPU = Debug|Any CPU
		Debug|x64 = Debug|x64
		Debug|x86 = Debug|x86
		Release|Any CPU = Release|Any CPU
		Release|x64 = Release|x64
		Release|x86 = Release|x86
	EndGlobalSection
	GlobalSection(ProjectConfigurationPlatforms) = postSolution
		{12089206-F093-4C11-AE6D-747C290B453E}.Debug|Any CPU.ActiveCfg = Debug|Any CPU
		{12089206-F093-4C11-AE6D-747C290B453E}.Debug|Any CPU.Build.0 = Debug|Any CPU
		{12089206-F093-4C11-AE6D-747C290B453E}.Debug|x64.ActiveCfg = Debug|Any CPU
		{12089206-F093-4C11-AE6D-747C290B453E}.Debug|x64.Build.0 = Debug|Any CPU
		{12089206-F093-4C11-AE6D-747C290B453E}.Debug|x86.ActiveCfg = Debug|Any CPU
		{12089206-F093-4C11-AE6D-747C290B453E}.Debug|x86.Build.0 = Debug|Any CPU
		{12089206-F093-4C11-AE6D-747C290B453E}.Release|Any CPU.ActiveCfg = Release|Any CPU
		{12089206-F093-4C11-AE6D-747C290B453E}.Release|Any CPU.Build.0 = Release|Any CPU
		{12089206-F093-4C11-AE6D-747C290B453E}.Release|x64.ActiveCfg = Release|Any CPU
		{12089206-F093-4C11-AE6D-747C290B453E}.Release|x64.Build.0 = Release|Any CPU
		{12089206-F093-4C11-AE6D-747C290B453E}.Release|x86.ActiveCfg = Release|Any CPU
		{12089206-F093-4C11-AE6D-747C290B453E}.Release|x86.Build.0 = Release|Any CPU
		{90E0B39E-64DB-4332-A480-6B2202A25DDB}.Debug|Any CPU.ActiveCfg = Debug|Any CPU
		{90E0B39E-64DB-4332-A480-6B2202A25DDB}.Debug|Any CPU.Build.0 = Debug|Any CPU
		{90E0B39E-64DB-4332-A480-6B2202A25DDB}.Debug|x64.ActiveCfg = Debug|Any CPU
		{90E0B39E-64DB-4332-A480-6B2202A25DDB}.Debug|x64.Build.0 = Debug|Any CPU
		{90E0B39E-64DB-4332-A480-6B2202A25DDB}.Debug|x86.ActiveCfg = Debug|Any CPU
		{90E0B39E-64DB-4332-A480-6B2202A25DDB}.Debug|x86.Build.0 = Debug|Any CPU
		{90E0B39E-64DB-4332-A480-6B2202A25DDB}.Release|Any CPU.ActiveCfg = Release|Any CPU
		{90E0B39E-64DB-4332-A480-6B2202A25DDB}.Release|Any CPU.Build.0 = Release|Any CPU
		{90E0B39E-64DB-4332-A480-6B2202A25DDB}.Release|x64.ActiveCfg = Release|Any CPU
		{90E0B39E-64DB-4332-A480-6B2202A25DDB}.Release|x64.Build.0 = Release|Any CPU
		{90E0B39E-64DB-4332-A480-6B2202A25DDB}.Release|x86.ActiveCfg = Release|Any CPU
		{90E0B39E-64DB-4332-A480-6B2202A25DDB}.Release|x86.Build.0 = Release|Any CPU
		{677BB45E-7222-4A3D-96E2-7A7694FD5CE6}.Debug|Any CPU.ActiveCfg = Debug|Any CPU
		{677BB45E-7222-4A3D-96E2-7A7694FD5CE6}.Debug|Any CPU.Build.0 = Debug|Any CPU
		{677BB45E-7222-4A3D-96E2-7A7694FD5CE6}.Debug|x64.ActiveCfg = Debug|Any CPU
		{677BB45E-7222-4A3D-96E2-7A7694FD5CE6}.Debug|x64.Build.0 = Debug|Any CPU
		{677BB45E-7222-4A3D-96E2-7A7694FD5CE6}.Debug|x86.ActiveCfg = Debug|Any CPU
		{677BB45E-7222-4A3D-96E2-7A7694FD5CE6}.Debug|x86.Build.0 = Debug|Any CPU
		{677BB45E-7222-4A3D-96E2-7A7694FD5CE6}.Release|Any CPU.ActiveCfg = Release|Any CPU
		{677BB45E-7222-4A3D-96E2-7A7694FD5CE6}.Release|Any CPU.Build.0 = Release|Any CPU
		{677BB45E-7222-4A3D-96E2-7A7694FD5CE6}.Release|x64.ActiveCfg = Release|Any CPU
		{677BB45E-7222-4A3D-96E2-7A7694FD5CE6}.Release|x64.Build.0 = Release|Any CPU
		{677BB45E-7222-4A3D-96E2-7A7694FD5CE6}.Release|x86.ActiveCfg = Release|Any CPU
		{677BB45E-7222-4A3D-96E2-7A7694FD5CE6}.Release|x86.Build.0 = Release|Any CPU
		{D438BA59-BC9E-48BD-AF96-A5A820C4C3F2}.Debug|Any CPU.ActiveCfg = Debug|Any CPU
		{D438BA59-BC9E-48BD-AF96-A5A820C4C3F2}.Debug|Any CPU.Build.0 = Debug|Any CPU
		{D438BA59-BC9E-48BD-AF96-A5A820C4C3F2}.Debug|x64.ActiveCfg = Debug|Any CPU
		{D438BA59-BC9E-48BD-AF96-A5A820C4C3F2}.Debug|x64.Build.0 = Debug|Any CPU
		{D438BA59-BC9E-48BD-AF96-A5A820C4C3F2}.Debug|x86.ActiveCfg = Debug|Any CPU
		{D438BA59-BC9E-48BD-AF96-A5A820C4C3F2}.Debug|x86.Build.0 = Debug|Any CPU
		{D438BA59-BC9E-48BD-AF96-A5A820C4C3F2}.Release|Any CPU.ActiveCfg = Release|Any CPU
		{D438BA59-BC9E-48BD-AF96-A5A820C4C3F2}.Release|Any CPU.Build.0 = Release|Any CPU
		{D438BA59-BC9E-48BD-AF96-A5A820C4C3F2}.Release|x64.ActiveCfg = Release|Any CPU
		{D438BA59-BC9E-48BD-AF96-A5A820C4C3F2}.Release|x64.Build.0 = Release|Any CPU
		{D438BA59-BC9E-48BD-AF96-A5A820C4C3F2}.Release|x86.ActiveCfg = Release|Any CPU
		{D438BA59-BC9E-48BD-AF96-A5A820C4C3F2}.Release|x86.Build.0 = Release|Any CPU
		{C2437CC7-39DE-4847-9C0B-CF1226ED6D1E}.Debug|Any CPU.ActiveCfg = Debug|Any CPU
		{C2437CC7-39DE-4847-9C0B-CF1226ED6D1E}.Debug|Any CPU.Build.0 = Debug|Any CPU
		{C2437CC7-39DE-4847-9C0B-CF1226ED6D1E}.Debug|x64.ActiveCfg = Debug|Any CPU
		{C2437CC7-39DE-4847-9C0B-CF1226ED6D1E}.Debug|x64.Build.0 = Debug|Any CPU
		{C2437CC7-39DE-4847-9C0B-CF1226ED6D1E}.Debug|x86.ActiveCfg = Debug|Any CPU
		{C2437CC7-39DE-4847-9C0B-CF1226ED6D1E}.Debug|x86.Build.0 = Debug|Any CPU
		{C2437CC7-39DE-4847-9C0B-CF1226ED6D1E}.Release|Any CPU.ActiveCfg = Release|Any CPU
		{C2437CC7-39DE-4847-9C0B-CF1226ED6D1E}.Release|Any CPU.Build.0 = Release|Any CPU
		{C2437CC7-39DE-4847-9C0B-CF1226ED6D1E}.Release|x64.ActiveCfg = Release|Any CPU
		{C2437CC7-39DE-4847-9C0B-CF1226ED6D1E}.Release|x64.Build.0 = Release|Any CPU
		{C2437CC7-39DE-4847-9C0B-CF1226ED6D1E}.Release|x86.ActiveCfg = Release|Any CPU
		{C2437CC7-39DE-4847-9C0B-CF1226ED6D1E}.Release|x86.Build.0 = Release|Any CPU
	EndGlobalSection
	GlobalSection(SolutionProperties) = preSolution
		HideSolutionNode = FALSE
	EndGlobalSection
	GlobalSection(NestedProjects) = preSolution
		{12089206-F093-4C11-AE6D-747C290B453E} = {1AE8ACA6-933B-BF2A-3671-3E2EAC007D16}
		{90E0B39E-64DB-4332-A480-6B2202A25DDB} = {FBF56CC3-7AE6-AD2D-3F14-7F97FD322CD6}
		{677BB45E-7222-4A3D-96E2-7A7694FD5CE6} = {FBF56CC3-7AE6-AD2D-3F14-7F97FD322CD6}
		{D438BA59-BC9E-48BD-AF96-A5A820C4C3F2} = {0AB3BF05-4346-4AA6-1389-037BE0695223}
	EndGlobalSection
EndGlobal
